[[package]]
name = "asgiref"
version = "3.6.0"
description = "ASGI specs, helper code, and adapters"
category = "main"
optional = false
python-versions = ">=3.7"

[package.extras]
tests = ["pytest", "pytest-asyncio", "mypy (>=0.800)"]

[[package]]
name = "async-timeout"
version = "4.0.2"
description = "Timeout context manager for asyncio programs"
category = "main"
optional = false
python-versions = ">=3.6"

[[package]]
name = "base"
version = "1.0.4"
description = "this is a test package for packing python liberaries tutorial."
category = "main"
optional = false
python-versions = "*"

[[package]]
name = "certifi"
version = "2022.12.7"
description = "Python package for providing Mozilla's CA Bundle."
category = "main"
optional = false
python-versions = ">=3.6"

[[package]]
name = "charset-normalizer"
version = "2.1.1"
description = "The Real First Universal Charset Detector. Open, modern and actively maintained alternative to Chardet."
category = "main"
optional = false
python-versions = ">=3.6.0"

[package.extras]
unicode_backport = ["unicodedata2"]

[[package]]
name = "click"
version = "8.1.3"
description = "Composable command line interface toolkit"
category = "main"
optional = false
python-versions = ">=3.7"

[package.dependencies]
colorama = {version = "*", markers = "platform_system == \"Windows\""}

[[package]]
name = "colorama"
version = "0.4.6"
description = "Cross-platform colored terminal text."
category = "main"
optional = false
python-versions = "!=3.0.*,!=3.1.*,!=3.2.*,!=3.3.*,!=3.4.*,!=3.5.*,!=3.6.*,>=2.7"

[[package]]
name = "coreapi"
version = "2.3.3"
description = "Python client library for Core API."
category = "main"
optional = false
python-versions = "*"

[package.dependencies]
coreschema = "*"
itypes = "*"
requests = "*"
uritemplate = "*"

[[package]]
name = "coreschema"
version = "0.0.4"
description = "Core Schema."
category = "main"
optional = false
python-versions = "*"

[package.dependencies]
jinja2 = "*"

[[package]]
name = "django"
version = "4.1.4"
description = "A high-level Python web framework that encourages rapid development and clean, pragmatic design."
category = "main"
optional = false
python-versions = ">=3.8"

[package.dependencies]
asgiref = ">=3.5.2,<4"
sqlparse = ">=0.2.2"
tzdata = {version = "*", markers = "sys_platform == \"win32\""}

[package.extras]
argon2 = ["argon2-cffi (>=19.1.0)"]
bcrypt = ["bcrypt"]

[[package]]
name = "django-environ"
version = "0.9.0"
description = "A package that allows you to utilize 12factor inspired environment variables to configure your Django application."
category = "main"
optional = false
python-versions = ">=3.4,<4"

[package.extras]
testing = ["pytest (>=4.6.11)", "coverage[toml] (>=5.0a4)"]
docs = ["sphinx-notfound-page", "sphinx (>=3.5.0)", "furo (>=2021.8.17b43,<2021.9.0)"]
develop = ["sphinx-notfound-page", "sphinx (>=3.5.0)", "furo (>=2021.8.17b43,<2021.9.0)", "pytest (>=4.6.11)", "coverage[toml] (>=5.0a4)"]

[[package]]
name = "django-factory-boy"
version = "1.0.0"
description = "Uses factory_boy to supply test data factory classes for all stock Django models."
category = "main"
optional = false
python-versions = "*"

[package.dependencies]
Django = ">=1.6"
factory-boy = ">=2.6.0"

[[package]]
name = "django-filter"
version = "22.1"
description = "Django-filter is a reusable Django application for allowing users to filter querysets dynamically."
category = "main"
optional = false
python-versions = ">=3.7"

[package.dependencies]
Django = ">=3.2"

[[package]]
name = "django-rq"
version = "2.6.0"
description = "An app that provides django integration for RQ (Redis Queue)"
category = "main"
optional = false
python-versions = "*"

[package.dependencies]
django = ">=2.0"
redis = ">=3"
rq = ">=1.2"

[package.extras]
sentry = ["raven (>=6.1.0)"]
testing = ["mock (>=2.0.0)"]

[[package]]
name = "djangorestframework"
version = "3.14.0"
description = "Web APIs for Django, made easy."
category = "main"
optional = false
python-versions = ">=3.6"

[package.dependencies]
django = ">=3.0"
pytz = "*"

[[package]]
name = "drf-yasg"
version = "1.21.4"
description = "Automated generation of real Swagger/OpenAPI 2.0 schemas from Django Rest Framework code."
category = "main"
optional = false
python-versions = ">=3.6"

[package.dependencies]
coreapi = ">=2.3.3"
coreschema = ">=0.0.4"
django = ">=2.2.16"
djangorestframework = ">=3.10.3"
inflection = ">=0.3.1"
packaging = ">=21.0"
pytz = ">=2021.1"
"ruamel.yaml" = ">=0.16.13"
uritemplate = ">=3.0.0"

[package.extras]
validation = ["swagger-spec-validator (>=2.1.0)"]

[[package]]
name = "factory-boy"
version = "3.2.1"
description = "A versatile test fixtures replacement based on thoughtbot's factory_bot for Ruby."
category = "main"
optional = false
python-versions = ">=3.6"

[package.dependencies]
Faker = ">=0.7.0"

[package.extras]
dev = ["coverage", "django", "flake8", "isort", "pillow", "sqlalchemy", "mongoengine", "wheel (>=0.32.0)", "tox", "zest.releaser"]
doc = ["sphinx", "sphinx-rtd-theme", "sphinxcontrib-spelling"]

[[package]]
name = "faker"
version = "15.3.4"
description = "Faker is a Python package that generates fake data for you."
category = "main"
optional = false
python-versions = ">=3.7"

[package.dependencies]
python-dateutil = ">=2.4"

[[package]]
name = "idna"
version = "3.4"
description = "Internationalized Domain Names in Applications (IDNA)"
category = "main"
optional = false
python-versions = ">=3.5"

[[package]]
name = "inflection"
version = "0.5.1"
description = "A port of Ruby on Rails inflector to Python"
category = "main"
optional = false
python-versions = ">=3.5"

[[package]]
name = "itypes"
version = "1.2.0"
description = "Simple immutable types for python."
category = "main"
optional = false
python-versions = "*"

[[package]]
name = "jinja2"
version = "3.1.2"
description = "A very fast and expressive template engine."
category = "main"
optional = false
python-versions = ">=3.7"

[package.dependencies]
MarkupSafe = ">=2.0"

[package.extras]
i18n = ["Babel (>=2.7)"]

[[package]]
name = "markupsafe"
version = "2.1.1"
description = "Safely add untrusted strings to HTML/XML markup."
category = "main"
optional = false
python-versions = ">=3.7"

[[package]]
name = "packaging"
version = "22.0"
description = "Core utilities for Python packages"
category = "main"
optional = false
python-versions = ">=3.7"

[[package]]
name = "psycopg2-binary"
version = "2.9.4"
description = "psycopg2 - Python-PostgreSQL Database Adapter"
category = "main"
optional = false
python-versions = ">=3.6"

[[package]]
name = "python-dateutil"
version = "2.8.2"
description = "Extensions to the standard Python datetime module"
category = "main"
optional = false
python-versions = "!=3.0.*,!=3.1.*,!=3.2.*,>=2.7"

[package.dependencies]
six = ">=1.5"

[[package]]
name = "pytz"
version = "2022.7"
description = "World timezone definitions, modern and historical"
category = "main"
optional = false
python-versions = "*"

[[package]]
name = "redis"
version = "4.4.0"
description = "Python client for Redis database and key-value store"
category = "main"
optional = false
python-versions = ">=3.7"

[package.dependencies]
async-timeout = ">=4.0.2"

[package.extras]
hiredis = ["hiredis (>=1.0.0)"]
ocsp = ["cryptography (>=36.0.1)", "pyopenssl (==20.0.1)", "requests (>=2.26.0)"]

[[package]]
name = "requests"
version = "2.28.1"
description = "Python HTTP for Humans."
category = "main"
optional = false
python-versions = ">=3.7, <4"

[package.dependencies]
certifi = ">=2017.4.17"
charset-normalizer = ">=2,<3"
idna = ">=2.5,<4"
urllib3 = ">=1.21.1,<1.27"

[package.extras]
socks = ["PySocks (>=1.5.6,!=1.5.7)"]
use_chardet_on_py3 = ["chardet (>=3.0.2,<6)"]

[[package]]
name = "rq"
version = "1.11.1"
description = "RQ is a simple, lightweight, library for creating background jobs, and processing them."
category = "main"
optional = false
python-versions = ">=3.5"

[package.dependencies]
click = ">=5.0.0"
redis = ">=3.5.0"

[[package]]
name = "ruamel.yaml"
version = "0.17.21"
description = "ruamel.yaml is a YAML parser/emitter that supports roundtrip preservation of comments, seq/map flow style, and map key order"
category = "main"
optional = false
python-versions = ">=3"

[package.dependencies]
"ruamel.yaml.clib" = {version = ">=0.2.6", markers = "platform_python_implementation == \"CPython\" and python_version < \"3.11\""}

[package.extras]
docs = ["ryd"]
jinja2 = ["ruamel.yaml.jinja2 (>=0.2)"]

[[package]]
name = "ruamel.yaml.clib"
version = "0.2.7"
description = "C version of reader, parser and emitter for ruamel.yaml derived from libyaml"
category = "main"
optional = false
python-versions = ">=3.5"

[[package]]
name = "six"
version = "1.16.0"
description = "Python 2 and 3 compatibility utilities"
category = "main"
optional = false
python-versions = ">=2.7, !=3.0.*, !=3.1.*, !=3.2.*"

[[package]]
name = "sqlparse"
version = "0.4.3"
description = "A non-validating SQL parser."
category = "main"
optional = false
python-versions = ">=3.5"

[[package]]
name = "tzdata"
version = "2022.7"
description = "Provider of IANA time zone data"
category = "main"
optional = false
python-versions = ">=2"

[[package]]
name = "uritemplate"
version = "4.1.1"
description = "Implementation of RFC 6570 URI Templates"
category = "main"
optional = false
python-versions = ">=3.6"

[[package]]
name = "urllib3"
version = "1.26.13"
description = "HTTP library with thread-safe connection pooling, file post, and more."
category = "main"
optional = false
python-versions = ">=2.7, !=3.0.*, !=3.1.*, !=3.2.*, !=3.3.*, !=3.4.*, !=3.5.*"

[package.extras]
brotli = ["brotlicffi (>=0.8.0)", "brotli (>=1.0.9)", "brotlipy (>=0.6.0)"]
secure = ["pyOpenSSL (>=0.14)", "cryptography (>=1.3.4)", "idna (>=2.0.0)", "certifi", "urllib3-secure-extra", "ipaddress"]
socks = ["PySocks (>=1.5.6,!=1.5.7,<2.0)"]

[metadata]
lock-version = "1.1"
python-versions = "^3.10"
content-hash = "753d01a57560e816fa8ca9d18d9cec60f75f15227492d8fd816d9faf63b8ce54"

[metadata.files]
asgiref = [
    {file = "asgiref-3.6.0-py3-none-any.whl", hash = "sha256:71e68008da809b957b7ee4b43dbccff33d1b23519fb8344e33f049897077afac"},
    {file = "asgiref-3.6.0.tar.gz", hash = "sha256:9567dfe7bd8d3c8c892227827c41cce860b368104c3431da67a0c5a65a949506"},
]
async-timeout = [
    {file = "async-timeout-4.0.2.tar.gz", hash = "sha256:2163e1640ddb52b7a8c80d0a67a08587e5d245cc9c553a74a847056bc2976b15"},
    {file = "async_timeout-4.0.2-py3-none-any.whl", hash = "sha256:8ca1e4fcf50d07413d66d1a5e416e42cfdf5851c981d679a09851a6853383b3c"},
]
base = [
    {file = "base-1.0.4.tar.gz", hash = "sha256:b2fbb9f44c272335a80510221cfc0d8b137f11052e70ce8ff154b8213b16fb66"},
]
certifi = [
    {file = "certifi-2022.12.7-py3-none-any.whl", hash = "sha256:4ad3232f5e926d6718ec31cfc1fcadfde020920e278684144551c91769c7bc18"},
    {file = "certifi-2022.12.7.tar.gz", hash = "sha256:35824b4c3a97115964b408844d64aa14db1cc518f6562e8d7261699d1350a9e3"},
]
charset-normalizer = [
    {file = "charset-normalizer-2.1.1.tar.gz", hash = "sha256:5a3d016c7c547f69d6f81fb0db9449ce888b418b5b9952cc5e6e66843e9dd845"},
    {file = "charset_normalizer-2.1.1-py3-none-any.whl", hash = "sha256:83e9a75d1911279afd89352c68b45348559d1fc0506b054b346651b5e7fee29f"},
]
click = [
    {file = "click-8.1.3-py3-none-any.whl", hash = "sha256:bb4d8133cb15a609f44e8213d9b391b0809795062913b383c62be0ee95b1db48"},
    {file = "click-8.1.3.tar.gz", hash = "sha256:7682dc8afb30297001674575ea00d1814d808d6a36af415a82bd481d37ba7b8e"},
]
colorama = [
    {file = "colorama-0.4.6-py2.py3-none-any.whl", hash = "sha256:4f1d9991f5acc0ca119f9d443620b77f9d6b33703e51011c16baf57afb285fc6"},
    {file = "colorama-0.4.6.tar.gz", hash = "sha256:08695f5cb7ed6e0531a20572697297273c47b8cae5a63ffc6d6ed5c201be6e44"},
]
coreapi = [
    {file = "coreapi-2.3.3-py2.py3-none-any.whl", hash = "sha256:bf39d118d6d3e171f10df9ede5666f63ad80bba9a29a8ec17726a66cf52ee6f3"},
    {file = "coreapi-2.3.3.tar.gz", hash = "sha256:46145fcc1f7017c076a2ef684969b641d18a2991051fddec9458ad3f78ffc1cb"},
]
coreschema = [
    {file = "coreschema-0.0.4-py2-none-any.whl", hash = "sha256:5e6ef7bf38c1525d5e55a895934ab4273548629f16aed5c0a6caa74ebf45551f"},
    {file = "coreschema-0.0.4.tar.gz", hash = "sha256:9503506007d482ab0867ba14724b93c18a33b22b6d19fb419ef2d239dd4a1607"},
]
django = [
    {file = "Django-4.1.4-py3-none-any.whl", hash = "sha256:0b223bfa55511f950ff741983d408d78d772351284c75e9f77d2b830b6b4d148"},
    {file = "Django-4.1.4.tar.gz", hash = "sha256:d38a4e108d2386cb9637da66a82dc8d0733caede4c83c4afdbda78af4214211b"},
]
django-environ = [
    {file = "django-environ-0.9.0.tar.gz", hash = "sha256:bff5381533056328c9ac02f71790bd5bf1cea81b1beeb648f28b81c9e83e0a21"},
    {file = "django_environ-0.9.0-py2.py3-none-any.whl", hash = "sha256:f21a5ef8cc603da1870bbf9a09b7e5577ab5f6da451b843dbcc721a7bca6b3d9"},
]
django-factory-boy = [
    {file = "django-factory_boy-1.0.0.tar.gz", hash = "sha256:f1e08a8f6f11f59417f0e7d7cde1f2290ea16b94209cb89b72158c651f8d6d7f"},
    {file = "django_factory_boy-1.0.0-py2.py3-none-any.whl", hash = "sha256:354a8a0d44509efd1067ccaab1139b11ab646734ab0b32a0c2d5339ddafd4847"},
]
django-filter = [
    {file = "django-filter-22.1.tar.gz", hash = "sha256:ed473b76e84f7e83b2511bb2050c3efb36d135207d0128dfe3ae4b36e3594ba5"},
    {file = "django_filter-22.1-py3-none-any.whl", hash = "sha256:ed429e34760127e3520a67f415bec4c905d4649fbe45d0d6da37e6ff5e0287eb"},
]
django-rq = [
    {file = "django-rq-2.6.0.tar.gz", hash = "sha256:f03b1eb68afe218175989c14b1266c7b446d5152f629888a078d0022059b255e"},
    {file = "django_rq-2.6.0-py2.py3-none-any.whl", hash = "sha256:b1964ad656ae103d8b4714f8745e739586917b126f02c844791d9059940b01a0"},
]
djangorestframework = [
    {file = "djangorestframework-3.14.0-py3-none-any.whl", hash = "sha256:eb63f58c9f218e1a7d064d17a70751f528ed4e1d35547fdade9aaf4cd103fd08"},
    {file = "djangorestframework-3.14.0.tar.gz", hash = "sha256:579a333e6256b09489cbe0a067e66abe55c6595d8926be6b99423786334350c8"},
]
drf-yasg = [
    {file = "drf-yasg-1.21.4.tar.gz", hash = "sha256:887c9f79e64f46aa48974234e61029b1bea6b12ea628a8fc8a3697589add1d3e"},
    {file = "drf_yasg-1.21.4-py3-none-any.whl", hash = "sha256:4a156d195fdccc51b40a227955588d982ca43c2e327927c7713bf967f5589913"},
]
factory-boy = [
    {file = "factory_boy-3.2.1-py2.py3-none-any.whl", hash = "sha256:eb02a7dd1b577ef606b75a253b9818e6f9eaf996d94449c9d5ebb124f90dc795"},
    {file = "factory_boy-3.2.1.tar.gz", hash = "sha256:a98d277b0c047c75eb6e4ab8508a7f81fb03d2cb21986f627913546ef7a2a55e"},
]
faker = [
    {file = "Faker-15.3.4-py3-none-any.whl", hash = "sha256:c2a2ff9dd8dfd991109b517ab98d5cb465e857acb45f6b643a0e284a9eb2cc76"},
    {file = "Faker-15.3.4.tar.gz", hash = "sha256:2d5443724f640ce07658ca8ca8bbd40d26b58914e63eec6549727869aa67e2cc"},
]
idna = [
    {file = "idna-3.4-py3-none-any.whl", hash = "sha256:90b77e79eaa3eba6de819a0c442c0b4ceefc341a7a2ab77d7562bf49f425c5c2"},
    {file = "idna-3.4.tar.gz", hash = "sha256:814f528e8dead7d329833b91c5faa87d60bf71824cd12a7530b5526063d02cb4"},
]
inflection = [
    {file = "inflection-0.5.1-py2.py3-none-any.whl", hash = "sha256:f38b2b640938a4f35ade69ac3d053042959b62a0f1076a5bbaa1b9526605a8a2"},
    {file = "inflection-0.5.1.tar.gz", hash = "sha256:1a29730d366e996aaacffb2f1f1cb9593dc38e2ddd30c91250c6dde09ea9b417"},
]
itypes = [
    {file = "itypes-1.2.0-py2.py3-none-any.whl", hash = "sha256:03da6872ca89d29aef62773672b2d408f490f80db48b23079a4b194c86dd04c6"},
    {file = "itypes-1.2.0.tar.gz", hash = "sha256:af886f129dea4a2a1e3d36595a2d139589e4dd287f5cab0b40e799ee81570ff1"},
]
jinja2 = [
    {file = "Jinja2-3.1.2-py3-none-any.whl", hash = "sha256:6088930bfe239f0e6710546ab9c19c9ef35e29792895fed6e6e31a023a182a61"},
    {file = "Jinja2-3.1.2.tar.gz", hash = "sha256:31351a702a408a9e7595a8fc6150fc3f43bb6bf7e319770cbc0db9df9437e852"},
]
markupsafe = [
    {file = "MarkupSafe-2.1.1-cp310-cp310-macosx_10_9_universal2.whl", hash = "sha256:86b1f75c4e7c2ac2ccdaec2b9022845dbb81880ca318bb7a0a01fbf7813e3812"},
    {file = "MarkupSafe-2.1.1-cp310-cp310-macosx_10_9_x86_64.whl", hash = "sha256:f121a1420d4e173a5d96e47e9a0c0dcff965afdf1626d28de1460815f7c4ee7a"},
    {file = "MarkupSafe-2.1.1-cp310-cp310-manylinux_2_17_aarch64.manylinux2014_aarch64.whl", hash = "sha256:a49907dd8420c5685cfa064a1335b6754b74541bbb3706c259c02ed65b644b3e"},
    {file = "MarkupSafe-2.1.1-cp310-cp310-manylinux_2_17_x86_64.manylinux2014_x86_64.whl", hash = "sha256:10c1bfff05d95783da83491be968e8fe789263689c02724e0c691933c52994f5"},
    {file = "MarkupSafe-2.1.1-cp310-cp310-manylinux_2_5_i686.manylinux1_i686.manylinux_2_17_i686.manylinux2014_i686.whl", hash = "sha256:b7bd98b796e2b6553da7225aeb61f447f80a1ca64f41d83612e6139ca5213aa4"},
    {file = "MarkupSafe-2.1.1-cp310-cp310-musllinux_1_1_aarch64.whl", hash = "sha256:b09bf97215625a311f669476f44b8b318b075847b49316d3e28c08e41a7a573f"},
    {file = "MarkupSafe-2.1.1-cp310-cp310-musllinux_1_1_i686.whl", hash = "sha256:694deca8d702d5db21ec83983ce0bb4b26a578e71fbdbd4fdcd387daa90e4d5e"},
    {file = "MarkupSafe-2.1.1-cp310-cp310-musllinux_1_1_x86_64.whl", hash = "sha256:efc1913fd2ca4f334418481c7e595c00aad186563bbc1ec76067848c7ca0a933"},
    {file = "MarkupSafe-2.1.1-cp310-cp310-win32.whl", hash = "sha256:4a33dea2b688b3190ee12bd7cfa29d39c9ed176bda40bfa11099a3ce5d3a7ac6"},
    {file = "MarkupSafe-2.1.1-cp310-cp310-win_amd64.whl", hash = "sha256:dda30ba7e87fbbb7eab1ec9f58678558fd9a6b8b853530e176eabd064da81417"},
    {file = "MarkupSafe-2.1.1-cp37-cp37m-macosx_10_9_x86_64.whl", hash = "sha256:671cd1187ed5e62818414afe79ed29da836dde67166a9fac6d435873c44fdd02"},
    {file = "MarkupSafe-2.1.1-cp37-cp37m-manylinux_2_17_aarch64.manylinux2014_aarch64.whl", hash = "sha256:3799351e2336dc91ea70b034983ee71cf2f9533cdff7c14c90ea126bfd95d65a"},
    {file = "MarkupSafe-2.1.1-cp37-cp37m-manylinux_2_17_x86_64.manylinux2014_x86_64.whl", hash = "sha256:e72591e9ecd94d7feb70c1cbd7be7b3ebea3f548870aa91e2732960fa4d57a37"},
    {file = "MarkupSafe-2.1.1-cp37-cp37m-manylinux_2_5_i686.manylinux1_i686.manylinux_2_17_i686.manylinux2014_i686.whl", hash = "sha256:6fbf47b5d3728c6aea2abb0589b5d30459e369baa772e0f37a0320185e87c980"},
    {file = "MarkupSafe-2.1.1-cp37-cp37m-musllinux_1_1_aarch64.whl", hash = "sha256:d5ee4f386140395a2c818d149221149c54849dfcfcb9f1debfe07a8b8bd63f9a"},
    {file = "MarkupSafe-2.1.1-cp37-cp37m-musllinux_1_1_i686.whl", hash = "sha256:bcb3ed405ed3222f9904899563d6fc492ff75cce56cba05e32eff40e6acbeaa3"},
    {file = "MarkupSafe-2.1.1-cp37-cp37m-musllinux_1_1_x86_64.whl", hash = "sha256:e1c0b87e09fa55a220f058d1d49d3fb8df88fbfab58558f1198e08c1e1de842a"},
    {file = "MarkupSafe-2.1.1-cp37-cp37m-win32.whl", hash = "sha256:8dc1c72a69aa7e082593c4a203dcf94ddb74bb5c8a731e4e1eb68d031e8498ff"},
    {file = "MarkupSafe-2.1.1-cp37-cp37m-win_amd64.whl", hash = "sha256:97a68e6ada378df82bc9f16b800ab77cbf4b2fada0081794318520138c088e4a"},
    {file = "MarkupSafe-2.1.1-cp38-cp38-macosx_10_9_universal2.whl", hash = "sha256:e8c843bbcda3a2f1e3c2ab25913c80a3c5376cd00c6e8c4a86a89a28c8dc5452"},
    {file = "MarkupSafe-2.1.1-cp38-cp38-macosx_10_9_x86_64.whl", hash = "sha256:0212a68688482dc52b2d45013df70d169f542b7394fc744c02a57374a4207003"},
    {file = "MarkupSafe-2.1.1-cp38-cp38-manylinux_2_17_aarch64.manylinux2014_aarch64.whl", hash = "sha256:8e576a51ad59e4bfaac456023a78f6b5e6e7651dcd383bcc3e18d06f9b55d6d1"},
    {file = "MarkupSafe-2.1.1-cp38-cp38-manylinux_2_17_x86_64.manylinux2014_x86_64.whl", hash = "sha256:4b9fe39a2ccc108a4accc2676e77da025ce383c108593d65cc909add5c3bd601"},
    {file = "MarkupSafe-2.1.1-cp38-cp38-manylinux_2_5_i686.manylinux1_i686.manylinux_2_17_i686.manylinux2014_i686.whl", hash = "sha256:96e37a3dc86e80bf81758c152fe66dbf60ed5eca3d26305edf01892257049925"},
    {file = "MarkupSafe-2.1.1-cp38-cp38-musllinux_1_1_aarch64.whl", hash = "sha256:6d0072fea50feec76a4c418096652f2c3238eaa014b2f94aeb1d56a66b41403f"},
    {file = "MarkupSafe-2.1.1-cp38-cp38-musllinux_1_1_i686.whl", hash = "sha256:089cf3dbf0cd6c100f02945abeb18484bd1ee57a079aefd52cffd17fba910b88"},
    {file = "MarkupSafe-2.1.1-cp38-cp38-musllinux_1_1_x86_64.whl", hash = "sha256:6a074d34ee7a5ce3effbc526b7083ec9731bb3cbf921bbe1d3005d4d2bdb3a63"},
    {file = "MarkupSafe-2.1.1-cp38-cp38-win32.whl", hash = "sha256:421be9fbf0ffe9ffd7a378aafebbf6f4602d564d34be190fc19a193232fd12b1"},
    {file = "MarkupSafe-2.1.1-cp38-cp38-win_amd64.whl", hash = "sha256:fc7b548b17d238737688817ab67deebb30e8073c95749d55538ed473130ec0c7"},
    {file = "MarkupSafe-2.1.1-cp39-cp39-macosx_10_9_universal2.whl", hash = "sha256:e04e26803c9c3851c931eac40c695602c6295b8d432cbe78609649ad9bd2da8a"},
    {file = "MarkupSafe-2.1.1-cp39-cp39-macosx_10_9_x86_64.whl", hash = "sha256:b87db4360013327109564f0e591bd2a3b318547bcef31b468a92ee504d07ae4f"},
    {file = "MarkupSafe-2.1.1-cp39-cp39-manylinux_2_17_aarch64.manylinux2014_aarch64.whl", hash = "sha256:99a2a507ed3ac881b975a2976d59f38c19386d128e7a9a18b7df6fff1fd4c1d6"},
    {file = "MarkupSafe-2.1.1-cp39-cp39-manylinux_2_17_x86_64.manylinux2014_x86_64.whl", hash = "sha256:56442863ed2b06d19c37f94d999035e15ee982988920e12a5b4ba29b62ad1f77"},
    {file = "MarkupSafe-2.1.1-cp39-cp39-manylinux_2_5_i686.manylinux1_i686.manylinux_2_17_i686.manylinux2014_i686.whl", hash = "sha256:3ce11ee3f23f79dbd06fb3d63e2f6af7b12db1d46932fe7bd8afa259a5996603"},
    {file = "MarkupSafe-2.1.1-cp39-cp39-musllinux_1_1_aarch64.whl", hash = "sha256:33b74d289bd2f5e527beadcaa3f401e0df0a89927c1559c8566c066fa4248ab7"},
    {file = "MarkupSafe-2.1.1-cp39-cp39-musllinux_1_1_i686.whl", hash = "sha256:43093fb83d8343aac0b1baa75516da6092f58f41200907ef92448ecab8825135"},
    {file = "MarkupSafe-2.1.1-cp39-cp39-musllinux_1_1_x86_64.whl", hash = "sha256:8e3dcf21f367459434c18e71b2a9532d96547aef8a871872a5bd69a715c15f96"},
    {file = "MarkupSafe-2.1.1-cp39-cp39-win32.whl", hash = "sha256:d4306c36ca495956b6d568d276ac11fdd9c30a36f1b6eb928070dc5360b22e1c"},
    {file = "MarkupSafe-2.1.1-cp39-cp39-win_amd64.whl", hash = "sha256:46d00d6cfecdde84d40e572d63735ef81423ad31184100411e6e3388d405e247"},
    {file = "MarkupSafe-2.1.1.tar.gz", hash = "sha256:7f91197cc9e48f989d12e4e6fbc46495c446636dfc81b9ccf50bb0ec74b91d4b"},
]
packaging = [
    {file = "packaging-22.0-py3-none-any.whl", hash = "sha256:957e2148ba0e1a3b282772e791ef1d8083648bc131c8ab0c1feba110ce1146c3"},
    {file = "packaging-22.0.tar.gz", hash = "sha256:2198ec20bd4c017b8f9717e00f0c8714076fc2fd93816750ab48e2c41de2cfd3"},
]
psycopg2-binary = [
    {file = "psycopg2-binary-2.9.4.tar.gz", hash = "sha256:a6a2d3d75d8698dee492f4af7ad07606d0734e581edf9e2ce2f74b6fce90f42e"},
    {file = "psycopg2_binary-2.9.4-cp310-cp310-macosx_10_15_x86_64.macosx_10_9_intel.macosx_10_9_x86_64.macosx_10_10_intel.macosx_10_10_x86_64.whl", hash = "sha256:e72491d72870c3cb2f0d6f4174485533caec0e9ed7e717e2859b7cc7ff2ae1c4"},
    {file = "psycopg2_binary-2.9.4-cp310-cp310-macosx_11_0_arm64.whl", hash = "sha256:2903bf90b1e6bfc9bbfc94a1db0b50ffa9830a0ca4c042fbc38d93890c02ce08"},
    {file = "psycopg2_binary-2.9.4-cp310-cp310-manylinux_2_17_i686.manylinux2014_i686.whl", hash = "sha256:15e0ac0ed8a85f6049e836e95ddee627766561c85be8d23f4b3edb6ddbaa7310"},
    {file = "psycopg2_binary-2.9.4-cp310-cp310-manylinux_2_17_x86_64.manylinux2014_x86_64.whl", hash = "sha256:edf0a66ce9517365c7dcfed597894d8dd1f27b59e550b77a089054101435213b"},
    {file = "psycopg2_binary-2.9.4-cp310-cp310-manylinux_2_24_aarch64.whl", hash = "sha256:61c6a258469c66412ae8358a0501df6ccb3bb48aa9c43b56624571ff9767f91d"},
    {file = "psycopg2_binary-2.9.4-cp310-cp310-manylinux_2_24_ppc64le.whl", hash = "sha256:704f1fcdc5b606b70563ea696c69bda90caee3a2f45ffc9cee60a901b394a79f"},
    {file = "psycopg2_binary-2.9.4-cp310-cp310-musllinux_1_1_aarch64.whl", hash = "sha256:30200b07779446760813eef06098ec6d084131e4365b4e023eb43100de758b11"},
    {file = "psycopg2_binary-2.9.4-cp310-cp310-musllinux_1_1_i686.whl", hash = "sha256:f5fbb3b325c65010e04af206a9243e2df8606736c510c7f268aca6a93e5294a9"},
    {file = "psycopg2_binary-2.9.4-cp310-cp310-musllinux_1_1_ppc64le.whl", hash = "sha256:52383e932e6de5595963f9178cf2af7b9e1f3daacf5135b9c0e21aabbc5bf7c4"},
    {file = "psycopg2_binary-2.9.4-cp310-cp310-musllinux_1_1_x86_64.whl", hash = "sha256:0d8e0c9eec79fe1ae66691e06e3cc714da6fbd77981209bf32fa823c03dbaff8"},
    {file = "psycopg2_binary-2.9.4-cp310-cp310-win32.whl", hash = "sha256:161dc52a617f0bb610a87d391cb2e77fe65b89ebfbd752f4f3217dde701ea196"},
    {file = "psycopg2_binary-2.9.4-cp310-cp310-win_amd64.whl", hash = "sha256:33ac8b4754e6b6b21f3ee180da169d8526d91aee9408ec1fc573c16ab32b0207"},
    {file = "psycopg2_binary-2.9.4-cp36-cp36m-macosx_10_14_x86_64.macosx_10_9_intel.macosx_10_9_x86_64.macosx_10_10_intel.macosx_10_10_x86_64.whl", hash = "sha256:7751b11cd7f6b952b4b5ec5b93b5be9ce20faba786c18c25c354f5d8717a173c"},
    {file = "psycopg2_binary-2.9.4-cp36-cp36m-manylinux_2_17_i686.manylinux2014_i686.whl", hash = "sha256:b216a15e13f6e763db40ac3beb74b588650bc030d10a78fde182b88d273b82b5"},
    {file = "psycopg2_binary-2.9.4-cp36-cp36m-manylinux_2_17_x86_64.manylinux2014_x86_64.whl", hash = "sha256:0eae72190be519bf2629062eab7ac8d4ceec5bd132953cefa1596584d86964fe"},
    {file = "psycopg2_binary-2.9.4-cp36-cp36m-manylinux_2_24_aarch64.whl", hash = "sha256:fb639a0e65dce4a9cccbcbdd8ddd0c8c6ab10bca317b827a5c52ac3c3a4ad60a"},
    {file = "psycopg2_binary-2.9.4-cp36-cp36m-manylinux_2_24_ppc64le.whl", hash = "sha256:80ed219ce6cb21a5b53ead0edf5b56b6d23de4cb95389ac606f47670474f4816"},
    {file = "psycopg2_binary-2.9.4-cp36-cp36m-musllinux_1_1_aarch64.whl", hash = "sha256:f78cafa25731e0b5aa16fe20bea1abf643d4e853f6bfb8a64421b06b878e2b88"},
    {file = "psycopg2_binary-2.9.4-cp36-cp36m-musllinux_1_1_i686.whl", hash = "sha256:34fd249275faa782c3a2016e86ac2330636ac58d731a1580e7d686e3976b9536"},
    {file = "psycopg2_binary-2.9.4-cp36-cp36m-musllinux_1_1_ppc64le.whl", hash = "sha256:24d627ed69e754c48dd142a914124858c600b4108c92546eb0ba822e63c0c6e2"},
    {file = "psycopg2_binary-2.9.4-cp36-cp36m-musllinux_1_1_x86_64.whl", hash = "sha256:65d5f4e70a2d3fbaa1349236968792611088f3f2dccead36c1626e1d183cc327"},
    {file = "psycopg2_binary-2.9.4-cp36-cp36m-win32.whl", hash = "sha256:ae5b41dbf7731b838021923edfbe3b5ccdec84d92d5795f5229c0d08d32509d9"},
    {file = "psycopg2_binary-2.9.4-cp36-cp36m-win_amd64.whl", hash = "sha256:97e4f3d9b17d12e7c00cb1c29c0040044135cd5146838da4274615dbe0baae78"},
    {file = "psycopg2_binary-2.9.4-cp37-cp37m-macosx_10_15_x86_64.macosx_10_9_intel.macosx_10_9_x86_64.macosx_10_10_intel.macosx_10_10_x86_64.whl", hash = "sha256:8660112e9127a019969a23c878e1b4a419e8a6427f9a9050c19830f152628c8a"},
    {file = "psycopg2_binary-2.9.4-cp37-cp37m-manylinux_2_17_i686.manylinux2014_i686.whl", hash = "sha256:ea8d5cd689fa7225d81ae0a049ba03e0165f4ed9ca083b19a405be9ad0b36845"},
    {file = "psycopg2_binary-2.9.4-cp37-cp37m-manylinux_2_17_x86_64.manylinux2014_x86_64.whl", hash = "sha256:63edc507f8cbfbb5903adb75bad8a99f9798981c854df9119dbebab2ec3ee0e1"},
    {file = "psycopg2_binary-2.9.4-cp37-cp37m-manylinux_2_24_aarch64.whl", hash = "sha256:25e0517ad7ee3c5c3c69dbe3c1d95504c811e42f452b39a3505d0763b1f6caa0"},
    {file = "psycopg2_binary-2.9.4-cp37-cp37m-manylinux_2_24_ppc64le.whl", hash = "sha256:0a9465f0aa36480c8e7614991cbe8ca8aa16b0517c5398a49648ce345e446c19"},
    {file = "psycopg2_binary-2.9.4-cp37-cp37m-musllinux_1_1_aarch64.whl", hash = "sha256:aff258af03dda9a990960a53759d10c3a9b936837c71fe2f3b581acd356b9121"},
    {file = "psycopg2_binary-2.9.4-cp37-cp37m-musllinux_1_1_i686.whl", hash = "sha256:576b9dfbcd154a0e8b5d9dae6316d037450e64a3b31df87dec71d88e2a2d5e5f"},
    {file = "psycopg2_binary-2.9.4-cp37-cp37m-musllinux_1_1_ppc64le.whl", hash = "sha256:044b6ab68613de7ea1e63856627deea091bfea09dea5ab4f050b13250fd18cab"},
    {file = "psycopg2_binary-2.9.4-cp37-cp37m-musllinux_1_1_x86_64.whl", hash = "sha256:7b47643c45e7619788c081d42e1d9d98c7c8a4933010a9967d097cc3c4c29f41"},
    {file = "psycopg2_binary-2.9.4-cp37-cp37m-win32.whl", hash = "sha256:82df4a8600999c4c0cb7d6614df1bbdb3c74732f63e79f78487893ffbed3d083"},
    {file = "psycopg2_binary-2.9.4-cp37-cp37m-win_amd64.whl", hash = "sha256:8d7bc25729bb6d96b44f49ad78fde0e27a1a867cb205322b7e5f5b49e04d6f1f"},
    {file = "psycopg2_binary-2.9.4-cp38-cp38-macosx_10_15_x86_64.macosx_10_9_intel.macosx_10_9_x86_64.macosx_10_10_intel.macosx_10_10_x86_64.whl", hash = "sha256:2f1ded23d17af0d738e7e78087f0b88a53228887845b1989b03af4dfd3fef703"},
    {file = "psycopg2_binary-2.9.4-cp38-cp38-macosx_11_0_arm64.whl", hash = "sha256:f225784812b2b57d340f2eb0d2cebef989dcc82c288f5553e28ee9767c7c8344"},
    {file = "psycopg2_binary-2.9.4-cp38-cp38-manylinux_2_17_i686.manylinux2014_i686.whl", hash = "sha256:89a86c2b35460700d04b4d6461153ab39ee85af5a5385acac9563a8310e6320a"},
    {file = "psycopg2_binary-2.9.4-cp38-cp38-manylinux_2_17_x86_64.manylinux2014_x86_64.whl", hash = "sha256:59a3010d566a48b919490a982f6807f68842686941dc12d568e129d9cd7703d6"},
    {file = "psycopg2_binary-2.9.4-cp38-cp38-manylinux_2_24_aarch64.whl", hash = "sha256:02cde837df012fa5d579b9cf4bc8e1feb460f38d61f7a4ab4a919d55a9f6eeef"},
    {file = "psycopg2_binary-2.9.4-cp38-cp38-manylinux_2_24_ppc64le.whl", hash = "sha256:226f11be577b70a57f4910c0ee28591d4d9fcb3d455e966267179156ae2e0c41"},
    {file = "psycopg2_binary-2.9.4-cp38-cp38-musllinux_1_1_aarch64.whl", hash = "sha256:181ac372a5a5308b4076933601a9b5f0cd139b389b0aa5e164786a2abbcdb978"},
    {file = "psycopg2_binary-2.9.4-cp38-cp38-musllinux_1_1_i686.whl", hash = "sha256:d5f27b1d1b56470385faa2b2636fcb823e7ac5b5b734e0aa76b14637c66eb3b7"},
    {file = "psycopg2_binary-2.9.4-cp38-cp38-musllinux_1_1_ppc64le.whl", hash = "sha256:55137faec669c4277c5687c6ce7c1fbc4dece0e2f14256ee808f4a652f0a2170"},
    {file = "psycopg2_binary-2.9.4-cp38-cp38-musllinux_1_1_x86_64.whl", hash = "sha256:ffb2f288f577a748cc23c65a818290755a4c2da1f87a40d7055b61a096d31e20"},
    {file = "psycopg2_binary-2.9.4-cp38-cp38-win32.whl", hash = "sha256:451550e0bb5889bbabbf92575a6d6eafced941cc28c86be6ae4667f81bf32d67"},
    {file = "psycopg2_binary-2.9.4-cp38-cp38-win_amd64.whl", hash = "sha256:b23b25b1243576b952689966205ef7d4285688068b966a1ca0e620bcb390d483"},
    {file = "psycopg2_binary-2.9.4-cp39-cp39-macosx_10_15_x86_64.macosx_10_9_intel.macosx_10_9_x86_64.macosx_10_10_intel.macosx_10_10_x86_64.whl", hash = "sha256:7ad9d032dc1a31a86ca7b059f43554a049a2bfda8fe32d1492ad25f6686aff03"},
    {file = "psycopg2_binary-2.9.4-cp39-cp39-macosx_11_0_arm64.whl", hash = "sha256:7b01d07006a0ac2216921b69a220b9f0974345d0b1b36efaeabdc7550b1cc4f8"},
    {file = "psycopg2_binary-2.9.4-cp39-cp39-manylinux_2_17_i686.manylinux2014_i686.whl", hash = "sha256:eb5341fc7c53fdd95ac2415be77b1de854ab266488cff71174ebb007baf0e675"},
    {file = "psycopg2_binary-2.9.4-cp39-cp39-manylinux_2_17_x86_64.manylinux2014_x86_64.whl", hash = "sha256:a431deb6ffdfa551f7400b3a94fa4b964837e67f49e3c37aa26d90dc75970816"},
    {file = "psycopg2_binary-2.9.4-cp39-cp39-manylinux_2_24_aarch64.whl", hash = "sha256:d6ba33f39436191ece7ea2b3d0b4dff00af71acd5c6e6f1d6b7563aa7286e9f2"},
    {file = "psycopg2_binary-2.9.4-cp39-cp39-manylinux_2_24_ppc64le.whl", hash = "sha256:d6c5e1df6f427d7a82606cf8f07cf3ba9fb3f366804b01e65f1f00f8df6b54f1"},
    {file = "psycopg2_binary-2.9.4-cp39-cp39-musllinux_1_1_aarch64.whl", hash = "sha256:1c22c59ab7d9dc110d409445f111f58556bf699b0548f3fc5176684a29c629c4"},
    {file = "psycopg2_binary-2.9.4-cp39-cp39-musllinux_1_1_i686.whl", hash = "sha256:b896637091cde69d170a89253dde9aee814b25ca204b7e213fd0a6462e666638"},
    {file = "psycopg2_binary-2.9.4-cp39-cp39-musllinux_1_1_ppc64le.whl", hash = "sha256:2535f44b00f26f6af0e949c825e6aecb9adcb56c965c17af5b97137fb69f00c0"},
    {file = "psycopg2_binary-2.9.4-cp39-cp39-musllinux_1_1_x86_64.whl", hash = "sha256:6a1618260a112a9c93504511f0b6254b4402a8c41b7130dc6d4c9e39aff3aa0c"},
    {file = "psycopg2_binary-2.9.4-cp39-cp39-win32.whl", hash = "sha256:e02f77b620ad6b36564fe41980865436912e21a3b1138cdde175cf24afde1bc5"},
    {file = "psycopg2_binary-2.9.4-cp39-cp39-win_amd64.whl", hash = "sha256:44f5dc9b4384bafca8429759ce76c8960ffc2b583fcad9e5dfb3e5f4894269e4"},
]
python-dateutil = [
    {file = "python-dateutil-2.8.2.tar.gz", hash = "sha256:0123cacc1627ae19ddf3c27a5de5bd67ee4586fbdd6440d9748f8abb483d3e86"},
    {file = "python_dateutil-2.8.2-py2.py3-none-any.whl", hash = "sha256:961d03dc3453ebbc59dbdea9e4e11c5651520a876d0f4db161e8674aae935da9"},
]
pytz = [
    {file = "pytz-2022.7-py2.py3-none-any.whl", hash = "sha256:93007def75ae22f7cd991c84e02d434876818661f8df9ad5df9e950ff4e52cfd"},
    {file = "pytz-2022.7.tar.gz", hash = "sha256:7ccfae7b4b2c067464a6733c6261673fdb8fd1be905460396b97a073e9fa683a"},
]
redis = [
    {file = "redis-4.4.0-py3-none-any.whl", hash = "sha256:cae3ee5d1f57d8caf534cd8764edf3163c77e073bdd74b6f54a87ffafdc5e7d9"},
    {file = "redis-4.4.0.tar.gz", hash = "sha256:7b8c87d19c45d3f1271b124858d2a5c13160c4e74d4835e28273400fa34d5228"},
]
requests = [
    {file = "requests-2.28.1-py3-none-any.whl", hash = "sha256:8fefa2a1a1365bf5520aac41836fbee479da67864514bdb821f31ce07ce65349"},
    {file = "requests-2.28.1.tar.gz", hash = "sha256:7c5599b102feddaa661c826c56ab4fee28bfd17f5abca1ebbe3e7f19d7c97983"},
]
rq = [
    {file = "rq-1.11.1-py2.py3-none-any.whl", hash = "sha256:433882bde50ac462eb489dc1ffa476209c42b284d0031270631da26363923702"},
    {file = "rq-1.11.1.tar.gz", hash = "sha256:31c07e55255bdc05c804902d4e15779185603b04b9161b43c3e7bcac84b3343b"},
]
"ruamel.yaml" = [
    {file = "ruamel.yaml-0.17.21-py3-none-any.whl", hash = "sha256:742b35d3d665023981bd6d16b3d24248ce5df75fdb4e2924e93a05c1f8b61ca7"},
    {file = "ruamel.yaml-0.17.21.tar.gz", hash = "sha256:8b7ce697a2f212752a35c1ac414471dc16c424c9573be4926b56ff3f5d23b7af"},
]
"ruamel.yaml.clib" = [
    {file = "ruamel.yaml.clib-0.2.7-cp310-cp310-macosx_10_9_universal2.whl", hash = "sha256:d5859983f26d8cd7bb5c287ef452e8aacc86501487634573d260968f753e1d71"},
    {file = "ruamel.yaml.clib-0.2.7-cp310-cp310-macosx_12_0_arm64.whl", hash = "sha256:debc87a9516b237d0466a711b18b6ebeb17ba9f391eb7f91c649c5c4ec5006c7"},
    {file = "ruamel.yaml.clib-0.2.7-cp310-cp310-manylinux2014_aarch64.whl", hash = "sha256:df5828871e6648db72d1c19b4bd24819b80a755c4541d3409f0f7acd0f335c80"},
    {file = "ruamel.yaml.clib-0.2.7-cp310-cp310-manylinux_2_17_x86_64.manylinux2014_x86_64.manylinux_2_24_x86_64.whl", hash = "sha256:efa08d63ef03d079dcae1dfe334f6c8847ba8b645d08df286358b1f5293d24ab"},
    {file = "ruamel.yaml.clib-0.2.7-cp310-cp310-win32.whl", hash = "sha256:763d65baa3b952479c4e972669f679fe490eee058d5aa85da483ebae2009d231"},
    {file = "ruamel.yaml.clib-0.2.7-cp310-cp310-win_amd64.whl", hash = "sha256:d000f258cf42fec2b1bbf2863c61d7b8918d31ffee905da62dede869254d3b8a"},
    {file = "ruamel.yaml.clib-0.2.7-cp311-cp311-macosx_10_9_universal2.whl", hash = "sha256:045e0626baf1c52e5527bd5db361bc83180faaba2ff586e763d3d5982a876a9e"},
    {file = "ruamel.yaml.clib-0.2.7-cp311-cp311-macosx_12_6_arm64.whl", hash = "sha256:721bc4ba4525f53f6a611ec0967bdcee61b31df5a56801281027a3a6d1c2daf5"},
    {file = "ruamel.yaml.clib-0.2.7-cp36-cp36m-macosx_10_9_x86_64.whl", hash = "sha256:4b3a93bb9bc662fc1f99c5c3ea8e623d8b23ad22f861eb6fce9377ac07ad6072"},
    {file = "ruamel.yaml.clib-0.2.7-cp36-cp36m-macosx_12_0_arm64.whl", hash = "sha256:a234a20ae07e8469da311e182e70ef6b199d0fbeb6c6cc2901204dd87fb867e8"},
    {file = "ruamel.yaml.clib-0.2.7-cp36-cp36m-manylinux2014_aarch64.whl", hash = "sha256:15910ef4f3e537eea7fe45f8a5d19997479940d9196f357152a09031c5be59f3"},
    {file = "ruamel.yaml.clib-0.2.7-cp36-cp36m-manylinux_2_17_x86_64.manylinux2014_x86_64.manylinux_2_24_x86_64.whl", hash = "sha256:370445fd795706fd291ab00c9df38a0caed0f17a6fb46b0f607668ecb16ce763"},
    {file = "ruamel.yaml.clib-0.2.7-cp36-cp36m-win32.whl", hash = "sha256:ecdf1a604009bd35c674b9225a8fa609e0282d9b896c03dd441a91e5f53b534e"},
    {file = "ruamel.yaml.clib-0.2.7-cp36-cp36m-win_amd64.whl", hash = "sha256:f34019dced51047d6f70cb9383b2ae2853b7fc4dce65129a5acd49f4f9256646"},
    {file = "ruamel.yaml.clib-0.2.7-cp37-cp37m-macosx_10_9_x86_64.whl", hash = "sha256:2aa261c29a5545adfef9296b7e33941f46aa5bbd21164228e833412af4c9c75f"},
    {file = "ruamel.yaml.clib-0.2.7-cp37-cp37m-macosx_12_0_arm64.whl", hash = "sha256:f01da5790e95815eb5a8a138508c01c758e5f5bc0ce4286c4f7028b8dd7ac3d0"},
    {file = "ruamel.yaml.clib-0.2.7-cp37-cp37m-manylinux2014_aarch64.whl", hash = "sha256:40d030e2329ce5286d6b231b8726959ebbe0404c92f0a578c0e2482182e38282"},
    {file = "ruamel.yaml.clib-0.2.7-cp37-cp37m-manylinux_2_17_x86_64.manylinux2014_x86_64.manylinux_2_24_x86_64.whl", hash = "sha256:c3ca1fbba4ae962521e5eb66d72998b51f0f4d0f608d3c0347a48e1af262efa7"},
    {file = "ruamel.yaml.clib-0.2.7-cp37-cp37m-win32.whl", hash = "sha256:7bdb4c06b063f6fd55e472e201317a3bb6cdeeee5d5a38512ea5c01e1acbdd93"},
    {file = "ruamel.yaml.clib-0.2.7-cp37-cp37m-win_amd64.whl", hash = "sha256:be2a7ad8fd8f7442b24323d24ba0b56c51219513cfa45b9ada3b87b76c374d4b"},
    {file = "ruamel.yaml.clib-0.2.7-cp38-cp38-macosx_10_9_x86_64.whl", hash = "sha256:91a789b4aa0097b78c93e3dc4b40040ba55bef518f84a40d4442f713b4094acb"},
    {file = "ruamel.yaml.clib-0.2.7-cp38-cp38-macosx_12_0_arm64.whl", hash = "sha256:99e77daab5d13a48a4054803d052ff40780278240a902b880dd37a51ba01a307"},
    {file = "ruamel.yaml.clib-0.2.7-cp38-cp38-manylinux2014_aarch64.whl", hash = "sha256:3243f48ecd450eddadc2d11b5feb08aca941b5cd98c9b1db14b2fd128be8c697"},
    {file = "ruamel.yaml.clib-0.2.7-cp38-cp38-manylinux_2_17_x86_64.manylinux2014_x86_64.manylinux_2_24_x86_64.whl", hash = "sha256:8831a2cedcd0f0927f788c5bdf6567d9dc9cc235646a434986a852af1cb54b4b"},
    {file = "ruamel.yaml.clib-0.2.7-cp38-cp38-win32.whl", hash = "sha256:3110a99e0f94a4a3470ff67fc20d3f96c25b13d24c6980ff841e82bafe827cac"},
    {file = "ruamel.yaml.clib-0.2.7-cp38-cp38-win_amd64.whl", hash = "sha256:92460ce908546ab69770b2e576e4f99fbb4ce6ab4b245345a3869a0a0410488f"},
    {file = "ruamel.yaml.clib-0.2.7-cp39-cp39-macosx_10_9_x86_64.whl", hash = "sha256:5bc0667c1eb8f83a3752b71b9c4ba55ef7c7058ae57022dd9b29065186a113d9"},
    {file = "ruamel.yaml.clib-0.2.7-cp39-cp39-macosx_12_0_arm64.whl", hash = "sha256:4a4d8d417868d68b979076a9be6a38c676eca060785abaa6709c7b31593c35d1"},
    {file = "ruamel.yaml.clib-0.2.7-cp39-cp39-manylinux2014_aarch64.whl", hash = "sha256:bf9a6bc4a0221538b1a7de3ed7bca4c93c02346853f44e1cd764be0023cd3640"},
    {file = "ruamel.yaml.clib-0.2.7-cp39-cp39-manylinux_2_17_x86_64.manylinux2014_x86_64.manylinux_2_24_x86_64.whl", hash = "sha256:a7b301ff08055d73223058b5c46c55638917f04d21577c95e00e0c4d79201a6b"},
    {file = "ruamel.yaml.clib-0.2.7-cp39-cp39-win32.whl", hash = "sha256:d5e51e2901ec2366b79f16c2299a03e74ba4531ddcfacc1416639c557aef0ad8"},
    {file = "ruamel.yaml.clib-0.2.7-cp39-cp39-win_amd64.whl", hash = "sha256:184faeaec61dbaa3cace407cffc5819f7b977e75360e8d5ca19461cd851a5fc5"},
    {file = "ruamel.yaml.clib-0.2.7.tar.gz", hash = "sha256:1f08fd5a2bea9c4180db71678e850b995d2a5f4537be0e94557668cf0f5f9497"},
]
six = [
    {file = "six-1.16.0-py2.py3-none-any.whl", hash = "sha256:8abb2f1d86890a2dfb989f9a77cfcfd3e47c2a354b01111771326f8aa26e0254"},
    {file = "six-1.16.0.tar.gz", hash = "sha256:1e61c37477a1626458e36f7b1d82aa5c9b094fa4802892072e49de9c60c4c926"},
]
sqlparse = [
    {file = "sqlparse-0.4.3-py3-none-any.whl", hash = "sha256:0323c0ec29cd52bceabc1b4d9d579e311f3e4961b98d174201d5622a23b85e34"},
    {file = "sqlparse-0.4.3.tar.gz", hash = "sha256:69ca804846bb114d2ec380e4360a8a340db83f0ccf3afceeb1404df028f57268"},
]
tzdata = [
    {file = "tzdata-2022.7-py2.py3-none-any.whl", hash = "sha256:2b88858b0e3120792a3c0635c23daf36a7d7eeeca657c323da299d2094402a0d"},
    {file = "tzdata-2022.7.tar.gz", hash = "sha256:fe5f866eddd8b96e9fcba978f8e503c909b19ea7efda11e52e39494bad3a7bfa"},
]
uritemplate = [
    {file = "uritemplate-4.1.1-py2.py3-none-any.whl", hash = "sha256:830c08b8d99bdd312ea4ead05994a38e8936266f84b9a7878232db50b044e02e"},
    {file = "uritemplate-4.1.1.tar.gz", hash = "sha256:4346edfc5c3b79f694bccd6d6099a322bbeb628dbf2cd86eea55a456ce5124f0"},
]
urllib3 = [
    {file = "urllib3-1.26.13-py2.py3-none-any.whl", hash = "sha256:47cc05d99aaa09c9e72ed5809b60e7ba354e64b59c9c173ac3018642d8bb41fc"},
    {file = "urllib3-1.26.13.tar.gz", hash = "sha256:c083dd0dce68dbfbe1129d5271cb90f9447dea7d52097c6e0126120c521ddea8"},
]
